{
  "name": "maa",
  "version": "1.0.0",
  "lockfileVersion": 3,
  "requires": true,
  "packages": {
    "": {
      "name": "maa",
      "version": "1.0.0",
      "license": "ISC",
      "dependencies": {
        "@maaxyz/maa-node": "^2.4.0-alpha.2"
      }
    },
    "node_modules/@maaxyz/maa-node": {
      "version": "2.4.0-alpha.2",
      "resolved": "https://registry.npmmirror.com/@maaxyz/maa-node/-/maa-node-2.4.0-alpha.2.tgz",
      "integrity": "sha512-uBaitqsGsliNR+WfYTB9lS0p5T/a96rNIVY7LrPLTULGLBIYW1kWwtsuCORf/h9Xvds2INvUYM0mLDxXh6Mg3A==",
      "engines": {
        "node": ">= 20.0.0"
      },
      "optionalDependencies": {
        "@maaxyz/maa-node-darwin-arm64": "2.4.0-alpha.2",
        "@maaxyz/maa-node-darwin-x64": "2.4.0-alpha.2",
        "@maaxyz/maa-node-linux-arm64": "2.4.0-alpha.2",
        "@maaxyz/maa-node-linux-x64": "2.4.0-alpha.2",
        "@maaxyz/maa-node-win32-arm64": "2.4.0-alpha.2",
        "@maaxyz/maa-node-win32-x64": "2.4.0-alpha.2"
      }
    },
    "node_modules/@maaxyz/maa-node-darwin-arm64": {
      "version": "2.4.0-alpha.2",
      "resolved": "https://registry.npmmirror.com/@maaxyz/maa-node-darwin-arm64/-/maa-node-darwin-arm64-2.4.0-alpha.2.tgz",
      "integrity": "sha512-4VjBqKJEAInbZtp6jN3e4s7/eOIhEnMgmBarM6HeI+qTDDp/fsX2nhSreT80ugb78pAgycDksIC1iQsfDKtZdA==",
      "cpu": [
        "arm64"
      ],
      "optional": true,
      "os": [
        "darwin"
      ]
    },
    "node_modules/@maaxyz/maa-node-darwin-x64": {
      "version": "2.4.0-alpha.2",
      "resolved": "https://registry.npmmirror.com/@maaxyz/maa-node-darwin-x64/-/maa-node-darwin-x64-2.4.0-alpha.2.tgz",
      "integrity": "sha512-LOTZIjiMjtaIa0Rp4INGcphhA0jdljwR+L6H7dsmburs+SDaj+AahnNU627Puy+49ieByLDKmer6pgh8ZopKWg==",
      "cpu": [
        "x64"
      ],
      "optional": true,
      "os": [
        "darwin"
      ]
    },
    "node_modules/@maaxyz/maa-node-linux-arm64": {
      "version": "2.4.0-alpha.2",
      "resolved": "https://registry.npmmirror.com/@maaxyz/maa-node-linux-arm64/-/maa-node-linux-arm64-2.4.0-alpha.2.tgz",
      "integrity": "sha512-PFGWPSeNcyyIcbUCgUQfLgk4+xaiozUYR9P/y4hFjxexU9Vzlob7raD7vFYtFeTGHtxilnrm+XS0M4CXou/n7Q==",
      "cpu": [
        "arm64"
      ],
      "optional": true,
      "os": [
        "linux"
      ]
    },
    "node_modules/@maaxyz/maa-node-linux-x64": {
      "version": "2.4.0-alpha.2",
      "resolved": "https://registry.npmmirror.com/@maaxyz/maa-node-linux-x64/-/maa-node-linux-x64-2.4.0-alpha.2.tgz",
      "integrity": "sha512-M32T7fdzQl1T8p5IiLGOImUOjetKF5yEUeqOFGMjBVaQOR/l3+T+n5TZMANdC+A21OfTFld2oiL3w1nQGewHAA==",
      "cpu": [
        "x64"
      ],
      "optional": true,
      "os": [
        "linux"
      ]
    },
    "node_modules/@maaxyz/maa-node-win32-arm64": {
      "version": "2.4.0-alpha.2",
      "resolved": "https://registry.npmmirror.com/@maaxyz/maa-node-win32-arm64/-/maa-node-win32-arm64-2.4.0-alpha.2.tgz",
      "integrity": "sha512-R/XiiIQ5s6ZC2e3mYGXFatpVtUMjqKYdS9ha3eJeQEOBT1uYJlsJD6fHMGRiyUkCHRcDUzfPTqLQpLwVhqoTmg==",
      "cpu": [
        "arm64"
      ],
      "optional": true,
      "os": [
        "win32"
      ]
    },
    "node_modules/@maaxyz/maa-node-win32-x64": {
      "version": "2.4.0-alpha.2",
      "resolved": "https://registry.npmmirror.com/@maaxyz/maa-node-win32-x64/-/maa-node-win32-x64-2.4.0-alpha.2.tgz",
      "integrity": "sha512-fFw3kW0v1j/tLfRql5l48hj1tFO+cjTHuxGmWv1CfzlnjWIOFy2GXjUgFuZSk1Dl05WNOmFVkk49/U/nr+adoQ==",
      "cpu": [
        "x64"
      ],
      "optional": true,
      "os": [
        "win32"
      ]
    }
  }
}
